<?xml version="1.0" encoding="utf-8"?>
<Project ToolsVersion="4.0" xmlns="http://schemas.microsoft.com/developer/msbuild/2003">
  <ItemGroup>
    <ClCompile Include="..\..\..\..\dta\Ata.cpp">
      <Filter>Source Files</Filter>
    </ClCompile>
    <ClCompile Include="..\..\..\..\dta\atatasks.cpp">
      <Filter>Source Files</Filter>
    </ClCompile>
    <ClCompile Include="..\..\..\..\dta\dta.cpp">
      <Filter>Source Files</Filter>
    </ClCompile>
    <ClCompile Include="..\setupdi\GetClassDevs.cpp">
      <Filter>Source Files</Filter>
    </ClCompile>
    <ClCompile Include="..\transports\osATAPT.cpp">
      <Filter>Source Files</Filter>
    </ClCompile>
    <ClCompile Include="..\osCreateLocalSystemObject.cpp">
      <Filter>Source Files</Filter>
    </ClCompile>
    <ClCompile Include="..\osDTSession.cpp">
      <Filter>Source Files</Filter>
    </ClCompile>
    <ClCompile Include="..\osLocalSystemObject.cpp">
      <Filter>Source Files</Filter>
    </ClCompile>
    <ClCompile Include="..\..\..\..\dta\platform\win32\osLogObject.cpp">
      <Filter>Source Files</Filter>
    </ClCompile>
    <ClCompile Include="..\transports\osRAID.cpp">
      <Filter>Source Files</Filter>
    </ClCompile>
    <ClCompile Include="..\transports\osSAT.cpp">
      <Filter>Source Files</Filter>
    </ClCompile>
    <ClCompile Include="..\transports\osTfrATAPT.cpp">
      <Filter>Source Files</Filter>
    </ClCompile>
    <ClCompile Include="..\transports\osTfrRAID.cpp">
      <Filter>Source Files</Filter>
    </ClCompile>
    <ClCompile Include="..\..\..\..\dta\parseoptions.cpp">
      <Filter>Source Files</Filter>
    </ClCompile>
    <ClCompile Include="..\..\..\..\dta\satcdb.cpp">
      <Filter>Source Files</Filter>
    </ClCompile>
    <ClCompile Include="..\..\..\..\dta\Scsi.cpp">
      <Filter>Source Files</Filter>
    </ClCompile>
    <ClCompile Include="..\..\..\..\dta\tfr.cpp">
      <Filter>Source Files</Filter>
    </ClCompile>
    <ClCompile Include="..\..\..\..\dta\tfrSAT.cpp">
      <Filter>Source Files</Filter>
    </ClCompile>
  </ItemGroup>
  <ItemGroup>
    <ClInclude Include="..\transports\osSAT.hpp">
      <Filter>Header Files</Filter>
    </ClInclude>
    <ClInclude Include="..\..\..\..\dta\Ata.hpp">
      <Filter>Header Files</Filter>
    </ClInclude>
    <ClInclude Include="..\..\..\..\dta\atatasks.hpp">
      <Filter>Header Files</Filter>
    </ClInclude>
    <ClInclude Include="..\..\..\..\dta\common.h">
      <Filter>Header Files</Filter>
    </ClInclude>
    <ClInclude Include="..\..\..\..\dta\csmiioctl.h">
      <Filter>Header Files</Filter>
    </ClInclude>
    <ClInclude Include="..\..\..\..\dta\dta.hpp">
      <Filter>Header Files</Filter>
    </ClInclude>
    <ClInclude Include="..\..\..\..\dta\errors.h">
      <Filter>Header Files</Filter>
    </ClInclude>
    <ClInclude Include="..\setupdi\GetClassDevs.hpp">
      <Filter>Header Files</Filter>
    </ClInclude>
    <ClInclude Include="..\..\..\..\dta\numstr.hpp">
      <Filter>Header Files</Filter>
    </ClInclude>
    <ClInclude Include="..\transports\osATAPT.hpp">
      <Filter>Header Files</Filter>
    </ClInclude>
    <ClInclude Include="..\osDTSession.hpp">
      <Filter>Header Files</Filter>
    </ClInclude>
    <ClInclude Include="..\..\..\..\dta\platform\win32\OSIncludes.h">
      <Filter>Header Files</Filter>
    </ClInclude>
    <ClInclude Include="..\osLocalSystemObject.hpp">
      <Filter>Header Files</Filter>
    </ClInclude>
    <ClInclude Include="..\..\..\..\dta\platform\win32\osLogObject.hpp">
      <Filter>Header Files</Filter>
    </ClInclude>
    <ClInclude Include="..\transports\osRAID.hpp">
      <Filter>Header Files</Filter>
    </ClInclude>
    <ClInclude Include="..\transports\osTfrATAPT.hpp">
      <Filter>Header Files</Filter>
    </ClInclude>
    <ClInclude Include="..\transports\osTfrRAID.hpp">
      <Filter>Header Files</Filter>
    </ClInclude>
    <ClInclude Include="..\..\..\..\dta\parseoptions.hpp">
      <Filter>Header Files</Filter>
    </ClInclude>
    <ClInclude Include="..\..\..\..\dta\platform\win32\Pcommon.h">
      <Filter>Header Files</Filter>
    </ClInclude>
    <ClInclude Include="..\..\..\..\dta\SATCDB.hpp">
      <Filter>Header Files</Filter>
    </ClInclude>
    <ClInclude Include="..\..\..\..\dta\Scsi.hpp">
      <Filter>Header Files</Filter>
    </ClInclude>
    <ClInclude Include="..\..\..\..\dta\splitjoin.hpp">
      <Filter>Header Files</Filter>
    </ClInclude>
    <ClInclude Include="..\..\..\..\dta\tfr.hpp">
      <Filter>Header Files</Filter>
    </ClInclude>
    <ClInclude Include="..\..\..\..\dta\tfrSAT.hpp">
      <Filter>Header Files</Filter>
    </ClInclude>
    <ClInclude Include="..\..\..\..\dta\tptr.hpp">
      <Filter>Header Files</Filter>
    </ClInclude>
    <ClInclude Include="..\..\..\..\dta\compilers\msvc\Xcommon.h">
      <Filter>Header Files</Filter>
    </ClInclude>
  </ItemGroup>
  <ItemGroup>
    <Filter Include="Header Files">
      <UniqueIdentifier>{7699014a-275a-4ab9-b19f-541ba2f133f6}</UniqueIdentifier>
    </Filter>
    <Filter Include="Source Files">
      <UniqueIdentifier>{aa5110c5-3bbc-4826-9faf-164dd8259b3a}</UniqueIdentifier>
    </Filter>
  </ItemGroup>
</Project>